// !$*UTF8*$!
{
	archiveVersion = 1;
	classes = {
	};
	objectVersion = 77;
	objects = {

/* Begin PBXBuildFile section */
		538B54722FD8120D001B5903 /* Leaplan_Watch Watch App.app in Embed Watch Content */ = {isa = PBXBuildFile; fileRef = 538B54682FD8120C001B5903 /* Leaplan_Watch Watch App.app */; settings = {ATTRIBUTES = (RemoveHeadersOnCopy, ); }; };
		538B547C2FD81221001B5903 /* FirebaseAnalytics in Frameworks */ = {isa = PBXBuildFile; productRef = 538B547B2FD81221001B5903 /* FirebaseAnalytics */; };
		538B547E2FD81221001B5903 /* FirebaseAnalyticsCore in Frameworks */ = {isa = PBXBuildFile; productRef = 538B547D2FD81221001B5903 /* FirebaseAnalyticsCore */; };
		538B54802FD81221001B5903 /* FirebaseAppCheck in Frameworks */ = {isa = PBXBuildFile; productRef = 538B547F2FD81221001B5903 /* FirebaseAppCheck */; };
		538B54822FD81221001B5903 /* FirebaseAuth in Frameworks */ = {isa = PBXBuildFile; productRef = 538B54812FD81221001B5903 /* FirebaseAuth */; };
		538B54842FD81221001B5903 /* FirebaseCore in Frameworks */ = {isa = PBXBuildFile; productRef = 538B54832FD81221001B5903 /* FirebaseCore */; };
		538B54862FD81221001B5903 /* FirebaseDatabase in Frameworks */ = {isa = PBXBuildFile; productRef = 538B54852FD81221001B5903 /* FirebaseDatabase */; };
		538B54882FD81221001B5903 /* FirebaseFirestore in Frameworks */ = {isa = PBXBuildFile; productRef = 538B54872FD81221001B5903 /* FirebaseFirestore */; };
		538B548A2FD81221001B5903 /* FirebaseStorage in Frameworks */ = {isa = PBXBuildFile; productRef = 538B54892FD81221001B5903 /* FirebaseStorage */; };
		53C1BBD82FC7E3180045B368 /* FirebaseAnalytics in Frameworks */ = {isa = PBXBuildFile; productRef = 53C1BBD72FC7E3180045B368 /* FirebaseAnalytics */; };
		53C1BBDA2FC7E31F0045B368 /* FirebaseAppCheck in Frameworks */ = {isa = PBXBuildFile; productRef = 53C1BBD92FC7E31F0045B368 /* FirebaseAppCheck */; };
		53C1BBDC2FC7E32A0045B368 /* FirebaseDatabase in Frameworks */ = {isa = PBXBuildFile; productRef = 53C1BBDB2FC7E32A0045B368 /* FirebaseDatabase */; };
		53C1BBDE2FC7E3340045B368 /* FirebaseStorage in Frameworks */ = {isa = PBXBuildFile; productRef = 53C1BBDD2FC7E3340045B368 /* FirebaseStorage */; };
		9AF787972FC7E07F000FDCB3 /* FirebaseAuth in Frameworks */ = {isa = PBXBuildFile; productRef = 9AF787962FC7E07F000FDCB3 /* FirebaseAuth */; };
		9AF787992FC7E07F000FDCB3 /* FirebaseCore in Frameworks */ = {isa = PBXBuildFile; productRef = 9AF787982FC7E07F000FDCB3 /* FirebaseCore */; };
		9AF7879B2FC7E07F000FDCB3 /* FirebaseFirestore in Frameworks */ = {isa = PBXBuildFile; productRef = 9AF7879A2FC7E07F000FDCB3 /* FirebaseFirestore */; };
/* End PBXBuildFile section */

/* Begin PBXContainerItemProxy section */
		538B54702FD8120D001B5903 /* PBXContainerItemProxy */ = {
			isa = PBXContainerItemProxy;
			containerPortal = 9AF786822FC7D2A0000FDCB3 /* Project object */;
			proxyType = 1;
			remoteGlobalIDString = 538B54672FD8120C001B5903;
			remoteInfo = "Leaplan_Watch Watch App";
		};
		53C1BCB82FC80AE90045B368 /* PBXContainerItemProxy */ = {
			isa = PBXContainerItemProxy;
			containerPortal = 9AF786822FC7D2A0000FDCB3 /* Project object */;
			proxyType = 1;
			remoteGlobalIDString = 9AF786892FC7D2A0000FDCB3;
			remoteInfo = LeapPlan;
		};
/* End PBXContainerItemProxy section */

/* Begin PBXCopyFilesBuildPhase section */
		538B54732FD8120D001B5903 /* Embed Watch Content */ = {
			isa = PBXCopyFilesBuildPhase;
			buildActionMask = 2147483647;
			dstPath = "$(CONTENTS_FOLDER_PATH)/Watch";
			dstSubfolderSpec = 16;
			files = (
				538B54722FD8120D001B5903 /* Leaplan_Watch Watch App.app in Embed Watch Content */,
			);
			name = "Embed Watch Content";
			runOnlyForDeploymentPostprocessing = 0;
		};
/* End PBXCopyFilesBuildPhase section */

/* Begin PBXFileReference section */
		538B54682FD8120C001B5903 /* Leaplan_Watch Watch App.app */ = {isa = PBXFileReference; explicitFileType = wrapper.application; includeInIndex = 0; path = "Leaplan_Watch Watch App.app"; sourceTree = BUILT_PRODUCTS_DIR; };
		53C1BCB42FC80AE90045B368 /* LeapPlanTests.xctest */ = {isa = PBXFileReference; explicitFileType = wrapper.cfbundle; includeInIndex = 0; path = LeapPlanTests.xctest; sourceTree = BUILT_PRODUCTS_DIR; };
		9AF7868A2FC7D2A0000FDCB3 /* LeapPlan.app */ = {isa = PBXFileReference; explicitFileType = wrapper.application; includeInIndex = 0; path = LeapPlan.app; sourceTree = BUILT_PRODUCTS_DIR; };
/* End PBXFileReference section */

/* Begin PBXFileSystemSynchronizedRootGroup section */
		538B54692FD8120C001B5903 /* Leaplan_Watch Watch App */ = {
			isa = PBXFileSystemSynchronizedRootGroup;
			path = "Leaplan_Watch Watch App";
			sourceTree = "<group>";
		};
		53C1BCB52FC80AE90045B368 /* LeapPlanTests */ = {
			isa = PBXFileSystemSynchronizedRootGroup;
			path = LeapPlanTests;
			sourceTree = "<group>";
		};
		9AF7868C2FC7D2A0000FDCB3 /* LeapPlan */ = {
			isa = PBXFileSystemSynchronizedRootGroup;
			path = LeapPlan;
			sourceTree = "<group>";
		};
/* End PBXFileSystemSynchronizedRootGroup section */

/* Begin PBXFrameworksBuildPhase section */
		538B54652FD8120C001B5903 /* Frameworks */ = {
			isa = PBXFrameworksBuildPhase;
			buildActionMask = 2147483647;
			files = (
				538B54842FD81221001B5903 /* FirebaseCore in Frameworks */,
				538B54822FD81221001B5903 /* FirebaseAuth in Frameworks */,
			);
			runOnlyForDeploymentPostprocessing = 0;
		};
		53C1BCB12FC80AE90045B368 /* Frameworks */ = {
			isa = PBXFrameworksBuildPhase;
			buildActionMask = 2147483647;
			files = (
			);
			runOnlyForDeploymentPostprocessing = 0;
		};
		9AF786872FC7D2A0000FDCB3 /* Frameworks */ = {
			isa = PBXFrameworksBuildPhase;
			buildActionMask = 2147483647;
			files = (
				53C1BBDC2FC7E32A0045B368 /* FirebaseDatabase in Frameworks */,
				9AF787992FC7E07F000FDCB3 /* FirebaseCore in Frameworks */,
				9AF787972FC7E07F000FDCB3 /* FirebaseAuth in Frameworks */,
				53C1BBD82FC7E3180045B368 /* FirebaseAnalytics in Frameworks */,
				53C1BBDE2FC7E3340045B368 /* FirebaseStorage in Frameworks */,
				53C1BBDA2FC7E31F0045B368 /* FirebaseAppCheck in Frameworks */,
				9AF7879B2FC7E07F000FDCB3 /* FirebaseFirestore in Frameworks */,
			);
			runOnlyForDeploymentPostprocessing = 0;
		};
/* End PBXFrameworksBuildPhase section */

/* Begin PBXGroup section */
		53C1BBD62FC7E3180045B368 /* Frameworks */ = {
			isa = PBXGroup;
			children = (
			);
			name = Frameworks;
			sourceTree = "<group>";
		};
		9AF786812FC7D2A0000FDCB3 = {
			isa = PBXGroup;
			children = (
				9AF7868C2FC7D2A0000FDCB3 /* LeapPlan */,
				53C1BCB52FC80AE90045B368 /* LeapPlanTests */,
				538B54692FD8120C001B5903 /* Leaplan_Watch Watch App */,
				53C1BBD62FC7E3180045B368 /* Frameworks */,
				9AF7868B2FC7D2A0000FDCB3 /* Products */,
			);
			sourceTree = "<group>";
		};
		9AF7868B2FC7D2A0000FDCB3 /* Products */ = {
			isa = PBXGroup;
			children = (
				9AF7868A2FC7D2A0000FDCB3 /* LeapPlan.app */,
				53C1BCB42FC80AE90045B368 /* LeapPlanTests.xctest */,
				538B54682FD8120C001B5903 /* Leaplan_Watch Watch App.app */,
			);
			name = Products;
			sourceTree = "<group>";
		};
/* End PBXGroup section */

/* Begin PBXNativeTarget section */
		538B54672FD8120C001B5903 /* Leaplan_Watch Watch App */ = {
			isa = PBXNativeTarget;
			buildConfigurationList = 538B54762FD8120D001B5903 /* Build configuration list for PBXNativeTarget "Leaplan_Watch Watch App" */;
			buildPhases = (
				538B54642FD8120C001B5903 /* Sources */,
				538B54652FD8120C001B5903 /* Frameworks */,
				538B54662FD8120C001B5903 /* Resources */,
			);
			buildRules = (
			);
			dependencies = (
			);
			fileSystemSynchronizedGroups = (
				538B54692FD8120C001B5903 /* Leaplan_Watch Watch App */,
			);
			name = "Leaplan_Watch Watch App";
			packageProductDependencies = (
				538B547B2FD81221001B5903 /* FirebaseAnalytics */,
				538B547D2FD81221001B5903 /* FirebaseAnalyticsCore */,
				538B547F2FD81221001B5903 /* FirebaseAppCheck */,
				538B54812FD81221001B5903 /* FirebaseAuth */,
				538B54832FD81221001B5903 /* FirebaseCore */,
				538B54852FD81221001B5903 /* FirebaseDatabase */,
				538B54872FD81221001B5903 /* FirebaseFirestore */,
				538B54892FD81221001B5903 /* FirebaseStorage */,
			);
			productName = "Leaplan_Watch Watch App";
			productReference = 538B54682FD8120C001B5903 /* Leaplan_Watch Watch App.app */;
			productType = "com.apple.product-type.application";
		};
		53C1BCB32FC80AE90045B368 /* LeapPlanTests */ = {
			isa = PBXNativeTarget;
			buildConfigurationList = 53C1BCBA2FC80AE90045B368 /* Build configuration list for PBXNativeTarget "LeapPlanTests" */;
			buildPhases = (
				53C1BCB02FC80AE90045B368 /* Sources */,
				53C1BCB12FC80AE90045B368 /* Frameworks */,
				53C1BCB22FC80AE90045B368 /* Resources */,
			);
			buildRules = (
			);
			dependencies = (
				53C1BCB92FC80AE90045B368 /* PBXTargetDependency */,
			);
			fileSystemSynchronizedGroups = (
				53C1BCB52FC80AE90045B368 /* LeapPlanTests */,
			);
			name = LeapPlanTests;
			packageProductDependencies = (
			);
			productName = LeapPlanTests;
			productReference = 53C1BCB42FC80AE90045B368 /* LeapPlanTests.xctest */;
			productType = "com.apple.product-type.bundle.unit-test";
		};
		9AF786892FC7D2A0000FDCB3 /* LeapPlan */ = {
			isa = PBXNativeTarget;
			buildConfigurationList = 9AF786952FC7D2A2000FDCB3 /* Build configuration list for PBXNativeTarget "LeapPlan" */;
			buildPhases = (
				9AF786862FC7D2A0000FDCB3 /* Sources */,
				9AF786872FC7D2A0000FDCB3 /* Frameworks */,
				9AF786882FC7D2A0000FDCB3 /* Resources */,
				538B54732FD8120D001B5903 /* Embed Watch Content */,
			);
			buildRules = (
			);
			dependencies = (
				538B54712FD8120D001B5903 /* PBXTargetDependency */,
			);
			fileSystemSynchronizedGroups = (
				9AF7868C2FC7D2A0000FDCB3 /* LeapPlan */,
			);
			name = LeapPlan;
			packageProductDependencies = (
				9AF787962FC7E07F000FDCB3 /* FirebaseAuth */,
				9AF787982FC7E07F000FDCB3 /* FirebaseCore */,
				9AF7879A2FC7E07F000FDCB3 /* FirebaseFirestore */,
				53C1BBD72FC7E3180045B368 /* FirebaseAnalytics */,
				53C1BBD92FC7E31F0045B368 /* FirebaseAppCheck */,
				53C1BBDB2FC7E32A0045B368 /* FirebaseDatabase */,
				53C1BBDD2FC7E3340045B368 /* FirebaseStorage */,
			);
			productName = LeapPlan;
			productReference = 9AF7868A2FC7D2A0000FDCB3 /* LeapPlan.app */;
			productType = "com.apple.product-type.application";
		};
/* End PBXNativeTarget section */

/* Begin PBXProject section */
		9AF786822FC7D2A0000FDCB3 /* Project object */ = {
			isa = PBXProject;
			attributes = {
				BuildIndependentTargetsInParallel = 1;
				LastSwiftUpdateCheck = 2650;
				LastUpgradeCheck = 2650;
				TargetAttributes = {
					538B54672FD8120C001B5903 = {
						CreatedOnToolsVersion = 26.5;
					};
					53C1BCB32FC80AE90045B368 = {
						CreatedOnToolsVersion = 26.5;
						TestTargetID = 9AF786892FC7D2A0000FDCB3;
					};
					9AF786892FC7D2A0000FDCB3 = {
						CreatedOnToolsVersion = 26.5;
					};
				};
			};
			buildConfigurationList = 9AF786852FC7D2A0000FDCB3 /* Build configuration list for PBXProject "LeapPlan" */;
			developmentRegion = en;
			hasScannedForEncodings = 0;
			knownRegions = (
				en,
				Base,
			);
			mainGroup = 9AF786812FC7D2A0000FDCB3;
			minimizedProjectReferenceProxies = 1;
			packageReferences = (
				9AF787952FC7E07F000FDCB3 /* XCRemoteSwiftPackageReference "firebase-ios-sdk" */,
			);
			preferredProjectObjectVersion = 77;
			productRefGroup = 9AF7868B2FC7D2A0000FDCB3 /* Products */;
			projectDirPath = "";
			projectRoot = "";
			targets = (
				9AF786892FC7D2A0000FDCB3 /* LeapPlan */,
				53C1BCB32FC80AE90045B368 /* LeapPlanTests */,
				538B54672FD8120C001B5903 /* Leaplan_Watch Watch App */,
			);
		};
/* End PBXProject section */

/* Begin PBXResourcesBuildPhase section */
		538B54662FD8120C001B5903 /* Resources */ = {
			isa = PBXResourcesBuildPhase;
			buildActionMask = 2147483647;
			files = (
			);
			runOnlyForDeploymentPostprocessing = 0;
		};
		53C1BCB22FC80AE90045B368 /* Resources */ = {
			isa = PBXResourcesBuildPhase;
			buildActionMask = 2147483647;
			files = (
			);
			runOnlyForDeploymentPostprocessing = 0;
		};
		9AF786882FC7D2A0000FDCB3 /* Resources */ = {
			isa = PBXResourcesBuildPhase;
			buildActionMask = 2147483647;
			files = (
			);
			runOnlyForDeploymentPostprocessing = 0;
		};
/* End PBXResourcesBuildPhase section */

/* Begin PBXSourcesBuildPhase section */
		538B54642FD8120C001B5903 /* Sources */ = {
			isa = PBXSourcesBuildPhase;
			buildActionMask = 2147483647;
			files = (
			);
			runOnlyForDeploymentPostprocessing = 0;
		};
		53C1BCB02FC80AE90045B368 /* Sources */ = {
			isa = PBXSourcesBuildPhase;
			buildActionMask = 2147483647;
			files = (
			);
			runOnlyForDeploymentPostprocessing = 0;
		};
		9AF786862FC7D2A0000FDCB3 /* Sources */ = {
			isa = PBXSourcesBuildPhase;
			buildActionMask = 2147483647;
			files = (
			);
			runOnlyForDeploymentPostprocessing = 0;
		};
/* End PBXSourcesBuildPhase section */

/* Begin PBXTargetDependency section */
		538B54712FD8120D001B5903 /* PBXTargetDependency */ = {
			isa = PBXTargetDependency;
			target = 538B54672FD8120C001B5903 /* Leaplan_Watch Watch App */;
			targetProxy = 538B54702FD8120D001B5903 /* PBXContainerItemProxy */;
		};
		53C1BCB92FC80AE90045B368 /* PBXTargetDependency */ = {
			isa = PBXTargetDependency;
			target = 9AF786892FC7D2A0000FDCB3 /* LeapPlan */;
			targetProxy = 53C1BCB82FC80AE90045B368 /* PBXContainerItemProxy */;
		};
/* End PBXTargetDependency section */

/* Begin XCBuildConfiguration section */
		538B54742FD8120D001B5903 /* Debug */ = {
			isa = XCBuildConfiguration;
			buildSettings = {
				ASSETCATALOG_COMPILER_APPICON_NAME = AppIcon;
				ASSETCATALOG_COMPILER_GLOBAL_ACCENT_COLOR_NAME = AccentColor;
				CODE_SIGN_STYLE = Automatic;
				CURRENT_PROJECT_VERSION = 1;
				DEVELOPMENT_TEAM = XMK2Y8R52T;
				ENABLE_PREVIEWS = YES;
				GENERATE_INFOPLIST_FILE = YES;
				INFOPLIST_KEY_CFBundleDisplayName = Leaplan_Watch;
				INFOPLIST_KEY_UISupportedInterfaceOrientations = "UIInterfaceOrientationPortrait UIInterfaceOrientationPortraitUpsideDown";
				INFOPLIST_KEY_WKCompanionAppBundleIdentifier = com.wesley.LeapPlan;
				LD_RUNPATH_SEARCH_PATHS = (
					"$(inherited)",
					"@executable_path/Frameworks",
				);
				MARKETING_VERSION = 1.0;
				PRODUCT_BUNDLE_IDENTIFIER = com.wesley.LeapPlan.watchkitapp;
				PRODUCT_NAME = "$(TARGET_NAME)";
				SDKROOT = watchos;
				SKIP_INSTALL = YES;
				STRING_CATALOG_GENERATE_SYMBOLS = YES;
				SWIFT_APPROACHABLE_CONCURRENCY = YES;
				SWIFT_DEFAULT_ACTOR_ISOLATION = MainActor;
				SWIFT_EMIT_LOC_STRINGS = YES;
				SWIFT_UPCOMING_FEATURE_MEMBER_IMPORT_VISIBILITY = YES;
				SWIFT_VERSION = 5.0;
				TARGETED_DEVICE_FAMILY = 4;
				WATCHOS_DEPLOYMENT_TARGET = 26.5;
			};
			name = Debug;
		};
		538B54752FD8120D001B5903 /* Release */ = {
			isa = XCBuildConfiguration;
			buildSettings = {
				ASSETCATALOG_COMPILER_APPICON_NAME = AppIcon;
				ASSETCATALOG_COMPILER_GLOBAL_ACCENT_COLOR_NAME = AccentColor;
				CODE_SIGN_STYLE = Automatic;
				CURRENT_PROJECT_VERSION = 1;
				DEVELOPMENT_TEAM = XMK2Y8R52T;
				ENABLE_PREVIEWS = YES;
				GENERATE_INFOPLIST_FILE = YES;
				INFOPLIST_KEY_CFBundleDisplayName = Leaplan_Watch;
				INFOPLIST_KEY_UISupportedInterfaceOrientations = "UIInterfaceOrientationPortrait UIInterfaceOrientationPortraitUpsideDown";
				INFOPLIST_KEY_WKCompanionAppBundleIdentifier = com.wesley.LeapPlan;
				LD_RUNPATH_SEARCH_PATHS = (
					"$(inherited)",
					"@executable_path/Frameworks",
				);
				MARKETING_VERSION = 1.0;
				PRODUCT_BUNDLE_IDENTIFIER = com.wesley.LeapPlan.watchkitapp;
				PRODUCT_NAME = "$(TARGET_NAME)";
				SDKROOT = watchos;
				SKIP_INSTALL = YES;
				STRING_CATALOG_GENERATE_SYMBOLS = YES;
				SWIFT_APPROACHABLE_CONCURRENCY = YES;
				SWIFT_DEFAULT_ACTOR_ISOLATION = MainActor;
				SWIFT_EMIT_LOC_STRINGS = YES;
				SWIFT_UPCOMING_FEATURE_MEMBER_IMPORT_VISIBILITY = YES;
				SWIFT_VERSION = 5.0;
				TARGETED_DEVICE_FAMILY = 4;
				WATCHOS_DEPLOYMENT_TARGET = 26.5;
			};
			name = Release;
		};
		53C1BCBB2FC80AE90045B368 /* Debug */ = {
			isa = XCBuildConfiguration;
			buildSettings = {
				BUNDLE_LOADER = "$(TEST_HOST)";
				CODE_SIGN_STYLE = Automatic;
				CURRENT_PROJECT_VERSION = 1;
				DEVELOPMENT_TEAM = XMK2Y8R52T;
				GENERATE_INFOPLIST_FILE = YES;
				MARKETING_VERSION = 1.0;
				PRODUCT_BUNDLE_IDENTIFIER = com.sean.LeapPlanTests;
				PRODUCT_NAME = "$(TARGET_NAME)";
				STRING_CATALOG_GENERATE_SYMBOLS = NO;
				SWIFT_APPROACHABLE_CONCURRENCY = YES;
				SWIFT_EMIT_LOC_STRINGS = NO;
				SWIFT_UPCOMING_FEATURE_MEMBER_IMPORT_VISIBILITY = YES;
				SWIFT_VERSION = 5.0;
				TARGETED_DEVICE_FAMILY = "1,2";
				TEST_HOST = "$(BUILT_PRODUCTS_DIR)/LeapPlan.app/$(BUNDLE_EXECUTABLE_FOLDER_PATH)/LeapPlan";
			};
			name = Debug;
		};
		53C1BCBC2FC80AE90045B368 /* Release */ = {
			isa = XCBuildConfiguration;
			buildSettings = {
				BUNDLE_LOADER = "$(TEST_HOST)";
				CODE_SIGN_STYLE = Automatic;
				CURRENT_PROJECT_VERSION = 1;
				DEVELOPMENT_TEAM = XMK2Y8R52T;
				GENERATE_INFOPLIST_FILE = YES;
				MARKETING_VERSION = 1.0;
				PRODUCT_BUNDLE_IDENTIFIER = com.sean.LeapPlanTests;
				PRODUCT_NAME = "$(TARGET_NAME)";
				STRING_CATALOG_GENERATE_SYMBOLS = NO;
				SWIFT_APPROACHABLE_CONCURRENCY = YES;
				SWIFT_EMIT_LOC_STRINGS = NO;
				SWIFT_UPCOMING_FEATURE_MEMBER_IMPORT_VISIBILITY = YES;
				SWIFT_VERSION = 5.0;
				TARGETED_DEVICE_FAMILY = "1,2";
				TEST_HOST = "$(BUILT_PRODUCTS_DIR)/LeapPlan.app/$(BUNDLE_EXECUTABLE_FOLDER_PATH)/LeapPlan";
			};
			name = Release;
		};
		9AF786932FC7D2A2000FDCB3 /* Debug */ = {
			isa = XCBuildConfiguration;
			buildSettings = {
				ALWAYS_SEARCH_USER_PATHS = NO;
				ASSETCATALOG_COMPILER_GENERATE_SWIFT_ASSET_SYMBOL_EXTENSIONS = YES;
				CLANG_ANALYZER_NONNULL = YES;
				CLANG_ANALYZER_NUMBER_OBJECT_CONVERSION = YES_AGGRESSIVE;
				CLANG_CXX_LANGUAGE_STANDARD = "gnu++20";
				CLANG_ENABLE_MODULES = YES;
				CLANG_ENABLE_OBJC_ARC = YES;
				CLANG_ENABLE_OBJC_WEAK = YES;
				CLANG_WARN_BLOCK_CAPTURE_AUTORELEASING = YES;
				CLANG_WARN_BOOL_CONVERSION = YES;
				CLANG_WARN_COMMA = YES;
				CLANG_WARN_CONSTANT_CONVERSION = YES;
				CLANG_WARN_DEPRECATED_OBJC_IMPLEMENTATIONS = YES;
				CLANG_WARN_DIRECT_OBJC_ISA_USAGE = YES_ERROR;
				CLANG_WARN_DOCUMENTATION_COMMENTS = YES;
				CLANG_WARN_EMPTY_BODY = YES;
				CLANG_WARN_ENUM_CONVERSION = YES;
				CLANG_WARN_INFINITE_RECURSION = YES;
				CLANG_WARN_INT_CONVERSION = YES;
				CLANG_WARN_NON_LITERAL_NULL_CONVERSION = YES;
				CLANG_WARN_OBJC_IMPLICIT_RETAIN_SELF = YES;
				CLANG_WARN_OBJC_LITERAL_CONVERSION = YES;
				CLANG_WARN_OBJC_ROOT_CLASS = YES_ERROR;
				CLANG_WARN_QUOTED_INCLUDE_IN_FRAMEWORK_HEADER = YES;
				CLANG_WARN_RANGE_LOOP_ANALYSIS = YES;
				CLANG_WARN_STRICT_PROTOTYPES = YES;
				CLANG_WARN_SUSPICIOUS_MOVE = YES;
				CLANG_WARN_UNGUARDED_AVAILABILITY = YES_AGGRESSIVE;
				CLANG_WARN_UNREACHABLE_CODE = YES;
				CLANG_WARN__DUPLICATE_METHOD_MATCH = YES;
				COPY_PHASE_STRIP = NO;
				DEBUG_INFORMATION_FORMAT = dwarf;
				DEVELOPMENT_TEAM = 23UCW7QT3F;
				ENABLE_STRICT_OBJC_MSGSEND = YES;
				ENABLE_TESTABILITY = YES;
				ENABLE_USER_SCRIPT_SANDBOXING = YES;
				GCC_C_LANGUAGE_STANDARD = gnu17;
				GCC_DYNAMIC_NO_PIC = NO;
				GCC_NO_COMMON_BLOCKS = YES;
				GCC_OPTIMIZATION_LEVEL = 0;
				GCC_PREPROCESSOR_DEFINITIONS = (
					"DEBUG=1",
					"$(inherited)",
				);
				GCC_WARN_64_TO_32_BIT_CONVERSION = YES;
				GCC_WARN_ABOUT_RETURN_TYPE = YES_ERROR;
				GCC_WARN_UNDECLARED_SELECTOR = YES;
				GCC_WARN_UNINITIALIZED_AUTOS = YES_AGGRESSIVE;
				GCC_WARN_UNUSED_FUNCTION = YES;
				GCC_WARN_UNUSED_VARIABLE = YES;
				IPHONEOS_DEPLOYMENT_TARGET = 26.5;
				LOCALIZATION_PREFERS_STRING_CATALOGS = YES;
				MTL_ENABLE_DEBUG_INFO = INCLUDE_SOURCE;
				MTL_FAST_MATH = YES;
				ONLY_ACTIVE_ARCH = YES;
				SDKROOT = iphoneos;
				SWIFT_ACTIVE_COMPILATION_CONDITIONS = "DEBUG $(inherited)";
				SWIFT_OPTIMIZATION_LEVEL = "-Onone";
			};
			name = Debug;
		};
		9AF786942FC7D2A2000FDCB3 /* Release */ = {
			isa = XCBuildConfiguration;
			buildSettings = {
				ALWAYS_SEARCH_USER_PATHS = NO;
				ASSETCATALOG_COMPILER_GENERATE_SWIFT_ASSET_SYMBOL_EXTENSIONS = YES;
				CLANG_ANALYZER_NONNULL = YES;
				CLANG_ANALYZER_NUMBER_OBJECT_CONVERSION = YES_AGGRESSIVE;
				CLANG_CXX_LANGUAGE_STANDARD = "gnu++20";
				CLANG_ENABLE_MODULES = YES;
				CLANG_ENABLE_OBJC_ARC = YES;
				CLANG_ENABLE_OBJC_WEAK = YES;
				CLANG_WARN_BLOCK_CAPTURE_AUTORELEASING = YES;
				CLANG_WARN_BOOL_CONVERSION = YES;
				CLANG_WARN_COMMA = YES;
				CLANG_WARN_CONSTANT_CONVERSION = YES;
				CLANG_WARN_DEPRECATED_OBJC_IMPLEMENTATIONS = YES;
				CLANG_WARN_DIRECT_OBJC_ISA_USAGE = YES_ERROR;
				CLANG_WARN_DOCUMENTATION_COMMENTS = YES;
				CLANG_WARN_EMPTY_BODY = YES;
				CLANG_WARN_ENUM_CONVERSION = YES;
				CLANG_WARN_INFINITE_RECURSION = YES;
				CLANG_WARN_INT_CONVERSION = YES;
				CLANG_WARN_NON_LITERAL_NULL_CONVERSION = YES;
				CLANG_WARN_OBJC_IMPLICIT_RETAIN_SELF = YES;
				CLANG_WARN_OBJC_LITERAL_CONVERSION = YES;
				CLANG_WARN_OBJC_ROOT_CLASS = YES_ERROR;
				CLANG_WARN_QUOTED_INCLUDE_IN_FRAMEWORK_HEADER = YES;
				CLANG_WARN_RANGE_LOOP_ANALYSIS = YES;
				CLANG_WARN_STRICT_PROTOTYPES = YES;
				CLANG_WARN_SUSPICIOUS_MOVE = YES;
				CLANG_WARN_UNGUARDED_AVAILABILITY = YES_AGGRESSIVE;
				CLANG_WARN_UNREACHABLE_CODE = YES;
				CLANG_WARN__DUPLICATE_METHOD_MATCH = YES;
				COPY_PHASE_STRIP = NO;
				DEBUG_INFORMATION_FORMAT = "dwarf-with-dsym";
				DEVELOPMENT_TEAM = 23UCW7QT3F;
				ENABLE_NS_ASSERTIONS = NO;
				ENABLE_STRICT_OBJC_MSGSEND = YES;
				ENABLE_USER_SCRIPT_SANDBOXING = YES;
				GCC_C_LANGUAGE_STANDARD = gnu17;
				GCC_NO_COMMON_BLOCKS = YES;
				GCC_WARN_64_TO_32_BIT_CONVERSION = YES;
				GCC_WARN_ABOUT_RETURN_TYPE = YES_ERROR;
				GCC_WARN_UNDECLARED_SELECTOR = YES;
				GCC_WARN_UNINITIALIZED_AUTOS = YES_AGGRESSIVE;
				GCC_WARN_UNUSED_FUNCTION = YES;
				GCC_WARN_UNUSED_VARIABLE = YES;
				IPHONEOS_DEPLOYMENT_TARGET = 26.5;
				LOCALIZATION_PREFERS_STRING_CATALOGS = YES;
				MTL_ENABLE_DEBUG_INFO = NO;
				MTL_FAST_MATH = YES;
				SDKROOT = iphoneos;
				SWIFT_COMPILATION_MODE = wholemodule;
				VALIDATE_PRODUCT = YES;
			};
			name = Release;
		};
		9AF786962FC7D2A2000FDCB3 /* Debug */ = {
			isa = XCBuildConfiguration;
			buildSettings = {
				ASSETCATALOG_COMPILER_APPICON_NAME = AppIcon;
				ASSETCATALOG_COMPILER_GLOBAL_ACCENT_COLOR_NAME = AccentColor;
				CODE_SIGN_STYLE = Automatic;
				CURRENT_PROJECT_VERSION = 1;
				DEVELOPMENT_TEAM = XMK2Y8R52T;
				ENABLE_PREVIEWS = YES;
				GENERATE_INFOPLIST_FILE = YES;
				INFOPLIST_KEY_UIApplicationSceneManifest_Generation = YES;
				INFOPLIST_KEY_UIApplicationSupportsIndirectInputEvents = YES;
				INFOPLIST_KEY_UILaunchScreen_Generation = YES;
				INFOPLIST_KEY_UISupportedInterfaceOrientations_iPad = "UIInterfaceOrientationPortrait UIInterfaceOrientationPortraitUpsideDown UIInterfaceOrientationLandscapeLeft UIInterfaceOrientationLandscapeRight";
				INFOPLIST_KEY_UISupportedInterfaceOrientations_iPhone = "UIInterfaceOrientationPortrait UIInterfaceOrientationLandscapeLeft UIInterfaceOrientationLandscapeRight";
				IPHONEOS_DEPLOYMENT_TARGET = 17;
				LD_RUNPATH_SEARCH_PATHS = (
					"$(inherited)",
					"@executable_path/Frameworks",
				);
				MARKETING_VERSION = 1.0;
				PRODUCT_BUNDLE_IDENTIFIER = com.wesley.LeapPlan;
				PRODUCT_NAME = "$(TARGET_NAME)";
				STRING_CATALOG_GENERATE_SYMBOLS = YES;
				SWIFT_APPROACHABLE_CONCURRENCY = YES;
				SWIFT_DEFAULT_ACTOR_ISOLATION = MainActor;
				SWIFT_EMIT_LOC_STRINGS = YES;
				SWIFT_UPCOMING_FEATURE_MEMBER_IMPORT_VISIBILITY = YES;
				SWIFT_VERSION = 5.0;
				TARGETED_DEVICE_FAMILY = "1,2";
			};
			name = Debug;
		};
		9AF786972FC7D2A2000FDCB3 /* Release */ = {
			isa = XCBuildConfiguration;
			buildSettings = {
				ASSETCATALOG_COMPILER_APPICON_NAME = AppIcon;
				ASSETCATALOG_COMPILER_GLOBAL_ACCENT_COLOR_NAME = AccentColor;
				CODE_SIGN_STYLE = Automatic;
				CURRENT_PROJECT_VERSION = 1;
				DEVELOPMENT_TEAM = XMK2Y8R52T;
				ENABLE_PREVIEWS = YES;
				GENERATE_INFOPLIST_FILE = YES;
				INFOPLIST_KEY_UIApplicationSceneManifest_Generation = YES;
				INFOPLIST_KEY_UIApplicationSupportsIndirectInputEvents = YES;
				INFOPLIST_KEY_UILaunchScreen_Generation = YES;
				INFOPLIST_KEY_UISupportedInterfaceOrientations_iPad = "UIInterfaceOrientationPortrait UIInterfaceOrientationPortraitUpsideDown UIInterfaceOrientationLandscapeLeft UIInterfaceOrientationLandscapeRight";
				INFOPLIST_KEY_UISupportedInterfaceOrientations_iPhone = "UIInterfaceOrientationPortrait UIInterfaceOrientationLandscapeLeft UIInterfaceOrientationLandscapeRight";
				IPHONEOS_DEPLOYMENT_TARGET = 17;
				LD_RUNPATH_SEARCH_PATHS = (
					"$(inherited)",
					"@executable_path/Frameworks",
				);
				MARKETING_VERSION = 1.0;
				PRODUCT_BUNDLE_IDENTIFIER = com.wesley.LeapPlan;
				PRODUCT_NAME = "$(TARGET_NAME)";
				STRING_CATALOG_GENERATE_SYMBOLS = YES;
				SWIFT_APPROACHABLE_CONCURRENCY = YES;
				SWIFT_DEFAULT_ACTOR_ISOLATION = MainActor;
				SWIFT_EMIT_LOC_STRINGS = YES;
				SWIFT_UPCOMING_FEATURE_MEMBER_IMPORT_VISIBILITY = YES;
				SWIFT_VERSION = 5.0;
				TARGETED_DEVICE_FAMILY = "1,2";
			};
			name = Release;
		};
/* End XCBuildConfiguration section */

/* Begin XCConfigurationList section */
		538B54762FD8120D001B5903 /* Build configuration list for PBXNativeTarget "Leaplan_Watch Watch App" */ = {
			isa = XCConfigurationList;
			buildConfigurations = (
				538B54742FD8120D001B5903 /* Debug */,
				538B54752FD8120D001B5903 /* Release */,
			);
			defaultConfigurationIsVisible = 0;
			defaultConfigurationName = Release;
		};
		53C1BCBA2FC80AE90045B368 /* Build configuration list for PBXNativeTarget "LeapPlanTests" */ = {
			isa = XCConfigurationList;
			buildConfigurations = (
				53C1BCBB2FC80AE90045B368 /* Debug */,
				53C1BCBC2FC80AE90045B368 /* Release */,
			);
			defaultConfigurationIsVisible = 0;
			defaultConfigurationName = Release;
		};
		9AF786852FC7D2A0000FDCB3 /* Build configuration list for PBXProject "LeapPlan" */ = {
			isa = XCConfigurationList;
			buildConfigurations = (
				9AF786932FC7D2A2000FDCB3 /* Debug */,
				9AF786942FC7D2A2000FDCB3 /* Release */,
			);
			defaultConfigurationIsVisible = 0;
			defaultConfigurationName = Release;
		};
		9AF786952FC7D2A2000FDCB3 /* Build configuration list for PBXNativeTarget "LeapPlan" */ = {
			isa = XCConfigurationList;
			buildConfigurations = (
				9AF786962FC7D2A2000FDCB3 /* Debug */,
				9AF786972FC7D2A2000FDCB3 /* Release */,
			);
			defaultConfigurationIsVisible = 0;
			defaultConfigurationName = Release;
		};
/* End XCConfigurationList section */

/* Begin XCRemoteSwiftPackageReference section */
		9AF787952FC7E07F000FDCB3 /* XCRemoteSwiftPackageReference "firebase-ios-sdk" */ = {
			isa = XCRemoteSwiftPackageReference;
			repositoryURL = "https://github.com/firebase/firebase-ios-sdk";
			requirement = {
				kind = upToNextMajorVersion;
				minimumVersion = 12.14.0;
			};
		};
/* End XCRemoteSwiftPackageReference section */

/* Begin XCSwiftPackageProductDependency section */
		538B547B2FD81221001B5903 /* FirebaseAnalytics */ = {
			isa = XCSwiftPackageProductDependency;
			package = 9AF787952FC7E07F000FDCB3 /* XCRemoteSwiftPackageReference "firebase-ios-sdk" */;
			productName = FirebaseAnalytics;
		};
		538B547D2FD81221001B5903 /* FirebaseAnalyticsCore */ = {
			isa = XCSwiftPackageProductDependency;
			package = 9AF787952FC7E07F000FDCB3 /* XCRemoteSwiftPackageReference "firebase-ios-sdk" */;
			productName = FirebaseAnalyticsCore;
		};
		538B547F2FD81221001B5903 /* FirebaseAppCheck */ = {
			isa = XCSwiftPackageProductDependency;
			package = 9AF787952FC7E07F000FDCB3 /* XCRemoteSwiftPackageReference "firebase-ios-sdk" */;
			productName = FirebaseAppCheck;
		};
		538B54812FD81221001B5903 /* FirebaseAuth */ = {
			isa = XCSwiftPackageProductDependency;
			package = 9AF787952FC7E07F000FDCB3 /* XCRemoteSwiftPackageReference "firebase-ios-sdk" */;
			productName = FirebaseAuth;
		};
		538B54832FD81221001B5903 /* FirebaseCore */ = {
			isa = XCSwiftPackageProductDependency;
			package = 9AF787952FC7E07F000FDCB3 /* XCRemoteSwiftPackageReference "firebase-ios-sdk" */;
			productName = FirebaseCore;
		};
		538B54852FD81221001B5903 /* FirebaseDatabase */ = {
			isa = XCSwiftPackageProductDependency;
			package = 9AF787952FC7E07F000FDCB3 /* XCRemoteSwiftPackageReference "firebase-ios-sdk" */;
			productName = FirebaseDatabase;
		};
		538B54872FD81221001B5903 /* FirebaseFirestore */ = {
			isa = XCSwiftPackageProductDependency;
			package = 9AF787952FC7E07F000FDCB3 /* XCRemoteSwiftPackageReference "firebase-ios-sdk" */;
			productName = FirebaseFirestore;
		};
		538B54892FD81221001B5903 /* FirebaseStorage */ = {
			isa = XCSwiftPackageProductDependency;
			package = 9AF787952FC7E07F000FDCB3 /* XCRemoteSwiftPackageReference "firebase-ios-sdk" */;
			productName = FirebaseStorage;
		};
		53C1BBD72FC7E3180045B368 /* FirebaseAnalytics */ = {
			isa = XCSwiftPackageProductDependency;
			package = 9AF787952FC7E07F000FDCB3 /* XCRemoteSwiftPackageReference "firebase-ios-sdk" */;
			productName = FirebaseAnalytics;
		};
		53C1BBD92FC7E31F0045B368 /* FirebaseAppCheck */ = {
			isa = XCSwiftPackageProductDependency;
			package = 9AF787952FC7E07F000FDCB3 /* XCRemoteSwiftPackageReference "firebase-ios-sdk" */;
			productName = FirebaseAppCheck;
		};
		53C1BBDB2FC7E32A0045B368 /* FirebaseDatabase */ = {
			isa = XCSwiftPackageProductDependency;
			package = 9AF787952FC7E07F000FDCB3 /* XCRemoteSwiftPackageReference "firebase-ios-sdk" */;
			productName = FirebaseDatabase;
		};
		53C1BBDD2FC7E3340045B368 /* FirebaseStorage */ = {
			isa = XCSwiftPackageProductDependency;
			package = 9AF787952FC7E07F000FDCB3 /* XCRemoteSwiftPackageReference "firebase-ios-sdk" */;
			productName = FirebaseStorage;
		};
		9AF787962FC7E07F000FDCB3 /* FirebaseAuth */ = {
			isa = XCSwiftPackageProductDependency;
			package = 9AF787952FC7E07F000FDCB3 /* XCRemoteSwiftPackageReference "firebase-ios-sdk" */;
			productName = FirebaseAuth;
		};
		9AF787982FC7E07F000FDCB3 /* FirebaseCore */ = {
			isa = XCSwiftPackageProductDependency;
			package = 9AF787952FC7E07F000FDCB3 /* XCRemoteSwiftPackageReference "firebase-ios-sdk" */;
			productName = FirebaseCore;
		};
		9AF7879A2FC7E07F000FDCB3 /* FirebaseFirestore */ = {
			isa = XCSwiftPackageProductDependency;
			package = 9AF787952FC7E07F000FDCB3 /* XCRemoteSwiftPackageReference "firebase-ios-sdk" */;
			productName = FirebaseFirestore;
		};
/* End XCSwiftPackageProductDependency section */
	};
	rootObject = 9AF786822FC7D2A0000FDCB3 /* Project object */;
}
